
Microsoft Visual Studio Solution File, Format Version 11.00
# Visual Studio 2010
Project("{FAE04EC0-301F-11D3-BF4B-00C04F79EFBC}") = "Rick-Off 2D", "Assembly-CSharp.csproj", "{D49D16B9-76BC-389E-6EC2-A7304FF615BF}"
EndProject
Global
	GlobalSection(SolutionConfigurationPlatforms) = preSolution
		Debug|Any CPU = Debug|Any CPU
		Release|Any CPU = Release|Any CPU
	EndGlobalSection
	GlobalSection(ProjectConfigurationPlatforms) = postSolution
		{D49D16B9-76BC-389E-6EC2-A7304FF615BF}.Debug|Any CPU.ActiveCfg = Debug|Any CPU
		{D49D16B9-76BC-389E-6EC2-A7304FF615BF}.Debug|Any CPU.Build.0 = Debug|Any CPU
		{D49D16B9-76BC-389E-6EC2-A7304FF615BF}.Release|Any CPU.ActiveCfg = Release|Any CPU
		{D49D16B9-76BC-389E-6EC2-A7304FF615BF}.Release|Any CPU.Build.0 = Release|Any CPU
	EndGlobalSection
	GlobalSection(SolutionProperties) = preSolution
		HideSolutionNode = FALSE
	EndGlobalSection
	GlobalSection(MonoDevelopProperties) = preSolution
		StartupItem = Assembly-CSharp.csproj
	EndGlobalSection
EndGlobal
